
Microsoft Visual Studio Solution File, Format Version 12.00
# Visual Studio Version 16
VisualStudioVersion = 16.0.30523.141
MinimumVisualStudioVersion = 10.0.40219.1
Project("{9A19103F-16F7-4668-BE54-9A1E7A4F7556}") = "XCTBenchmark", "..\Benchmark\XCTBenchmark\XCTBenchmark\XCTBenchmark.csproj", "{06BE6A39-00F8-4309-B11D-38E9F276E603}"
EndProject
Project("{FAE04EC0-301F-11D3-BF4B-00C04F79EFBC}") = "XCTBenchmark.iOS", "..\Benchmark\XCTBenchmark\XCTBenchmark.iOS\XCTBenchmark.iOS.csproj", "{9FF4FAAB-B77E-4AC5-8C16-BB92CE1D67F0}"
EndProject
Project("{FAE04EC0-301F-11D3-BF4B-00C04F79EFBC}") = "XCTBenchmark.UWP", "..\Benchmark\XCTBenchmark\XCTBenchmark.UWP\XCTBenchmark.UWP.csproj", "{8C743B0E-F4DD-45A2-BC5F-E080E5BDB82C}"
EndProject
Project("{FAE04EC0-301F-11D3-BF4B-00C04F79EFBC}") = "XCTBenchmark.Android", "..\Benchmark\XCTBenchmark\XCTBenchmark.Android\XCTBenchmark.Android.csproj", "{266EAB0F-274D-4A46-A26E-DD82ED93A14F}"
EndProject
Project("{9A19103F-16F7-4668-BE54-9A1E7A4F7556}") = "XCTBenchmark.Console", "..\Benchmark\XCTBenchmark.Console\XCTBenchmark.Console.csproj", "{18E88725-E0DD-4989-A741-F2E05C154F19}"
EndProject
Project("{2150E333-8FDC-42A3-9474-1A3956D46DE8}") = "XCT", "XCT", "{31E12CFE-69EE-4555-A1CE-F08C88CB8BD6}"
EndProject
Project("{9A19103F-16F7-4668-BE54-9A1E7A4F7556}") = "Xamarin.CommunityToolkit", "..\XamarinCommunityToolkit\Xamarin.CommunityToolkit.csproj", "{7D587F88-499A-497F-A18C-3ACC37F42D95}"
EndProject
Global
	GlobalSection(SolutionConfigurationPlatforms) = preSolution
		Debug|Any CPU = Debug|Any CPU
		Debug|ARM = Debug|ARM
		Debug|iPhone = Debug|iPhone
		Debug|iPhoneSimulator = Debug|iPhoneSimulator
		Debug|x64 = Debug|x64
		Debug|x86 = Debug|x86
		Release|Any CPU = Release|Any CPU
		Release|ARM = Release|ARM
		Release|iPhone = Release|iPhone
		Release|iPhoneSimulator = Release|iPhoneSimulator
		Release|x64 = Release|x64
		Release|x86 = Release|x86
	EndGlobalSection
	GlobalSection(ProjectConfigurationPlatforms) = postSolution
		{06BE6A39-00F8-4309-B11D-38E9F276E603}.Debug|Any CPU.ActiveCfg = Debug|Any CPU
		{06BE6A39-00F8-4309-B11D-38E9F276E603}.Debug|Any CPU.Build.0 = Debug|Any CPU
		{06BE6A39-00F8-4309-B11D-38E9F276E603}.Debug|ARM.ActiveCfg = Debug|Any CPU
		{06BE6A39-00F8-4309-B11D-38E9F276E603}.Debug|ARM.Build.0 = Debug|Any CPU
		{06BE6A39-00F8-4309-B11D-38E9F276E603}.Debug|iPhone.ActiveCfg = Debug|Any CPU
		{06BE6A39-00F8-4309-B11D-38E9F276E603}.Debug|iPhone.Build.0 = Debug|Any CPU
		{06BE6A39-00F8-4309-B11D-38E9F276E603}.Debug|iPhoneSimulator.ActiveCfg = Debug|Any CPU
		{06BE6A39-00F8-4309-B11D-38E9F276E603}.Debug|iPhoneSimulator.Build.0 = Debug|Any CPU
		{06BE6A39-00F8-4309-B11D-38E9F276E603}.Debug|x64.ActiveCfg = Debug|Any CPU
		{06BE6A39-00F8-4309-B11D-38E9F276E603}.Debug|x64.Build.0 = Debug|Any CPU
		{06BE6A39-00F8-4309-B11D-38E9F276E603}.Debug|x86.ActiveCfg = Debug|Any CPU
		{06BE6A39-00F8-4309-B11D-38E9F276E603}.Debug|x86.Build.0 = Debug|Any CPU
		{06BE6A39-00F8-4309-B11D-38E9F276E603}.Release|Any CPU.ActiveCfg = Release|Any CPU
		{06BE6A39-00F8-4309-B11D-38E9F276E603}.Release|Any CPU.Build.0 = Release|Any CPU
		{06BE6A39-00F8-4309-B11D-38E9F276E603}.Release|ARM.ActiveCfg = Release|Any CPU
		{06BE6A39-00F8-4309-B11D-38E9F276E603}.Release|ARM.Build.0 = Release|Any CPU
		{06BE6A39-00F8-4309-B11D-38E9F276E603}.Release|iPhone.ActiveCfg = Release|Any CPU
		{06BE6A39-00F8-4309-B11D-38E9F276E603}.Release|iPhone.Build.0 = Release|Any CPU
		{06BE6A39-00F8-4309-B11D-38E9F276E603}.Release|iPhoneSimulator.ActiveCfg = Release|Any CPU
		{06BE6A39-00F8-4309-B11D-38E9F276E603}.Release|iPhoneSimulator.Build.0 = Release|Any CPU
		{06BE6A39-00F8-4309-B11D-38E9F276E603}.Release|x64.ActiveCfg = Release|Any CPU
		{06BE6A39-00F8-4309-B11D-38E9F276E603}.Release|x64.Build.0 = Release|Any CPU
		{06BE6A39-00F8-4309-B11D-38E9F276E603}.Release|x86.ActiveCfg = Release|Any CPU
		{06BE6A39-00F8-4309-B11D-38E9F276E603}.Release|x86.Build.0 = Release|Any CPU
		{9FF4FAAB-B77E-4AC5-8C16-BB92CE1D67F0}.Debug|Any CPU.ActiveCfg = Debug|iPhoneSimulator
		{9FF4FAAB-B77E-4AC5-8C16-BB92CE1D67F0}.Debug|ARM.ActiveCfg = Debug|iPhoneSimulator
		{9FF4FAAB-B77E-4AC5-8C16-BB92CE1D67F0}.Debug|iPhone.ActiveCfg = Debug|iPhone
		{9FF4FAAB-B77E-4AC5-8C16-BB92CE1D67F0}.Debug|iPhone.Build.0 = Debug|iPhone
		{9FF4FAAB-B77E-4AC5-8C16-BB92CE1D67F0}.Debug|iPhoneSimulator.ActiveCfg = Debug|iPhoneSimulator
		{9FF4FAAB-B77E-4AC5-8C16-BB92CE1D67F0}.Debug|iPhoneSimulator.Build.0 = Debug|iPhoneSimulator
		{9FF4FAAB-B77E-4AC5-8C16-BB92CE1D67F0}.Debug|x64.ActiveCfg = Debug|iPhoneSimulator
		{9FF4FAAB-B77E-4AC5-8C16-BB92CE1D67F0}.Debug|x86.ActiveCfg = Debug|iPhoneSimulator
		{9FF4FAAB-B77E-4AC5-8C16-BB92CE1D67F0}.Release|Any CPU.ActiveCfg = Release|iPhoneSimulator
		{9FF4FAAB-B77E-4AC5-8C16-BB92CE1D67F0}.Release|ARM.ActiveCfg = Release|iPhoneSimulator
		{9FF4FAAB-B77E-4AC5-8C16-BB92CE1D67F0}.Release|iPhone.ActiveCfg = Release|iPhone
		{9FF4FAAB-B77E-4AC5-8C16-BB92CE1D67F0}.Release|iPhone.Build.0 = Release|iPhone
		{9FF4FAAB-B77E-4AC5-8C16-BB92CE1D67F0}.Release|iPhoneSimulator.ActiveCfg = Release|iPhoneSimulator
		{9FF4FAAB-B77E-4AC5-8C16-BB92CE1D67F0}.Release|iPhoneSimulator.Build.0 = Release|iPhoneSimulator
		{9FF4FAAB-B77E-4AC5-8C16-BB92CE1D67F0}.Release|x64.ActiveCfg = Release|iPhoneSimulator
		{9FF4FAAB-B77E-4AC5-8C16-BB92CE1D67F0}.Release|x86.ActiveCfg = Release|iPhoneSimulator
		{8C743B0E-F4DD-45A2-BC5F-E080E5BDB82C}.Debug|Any CPU.ActiveCfg = Debug|x86
		{8C743B0E-F4DD-45A2-BC5F-E080E5BDB82C}.Debug|ARM.ActiveCfg = Debug|ARM
		{8C743B0E-F4DD-45A2-BC5F-E080E5BDB82C}.Debug|ARM.Build.0 = Debug|ARM
		{8C743B0E-F4DD-45A2-BC5F-E080E5BDB82C}.Debug|ARM.Deploy.0 = Debug|ARM
		{8C743B0E-F4DD-45A2-BC5F-E080E5BDB82C}.Debug|iPhone.ActiveCfg = Debug|x86
		{8C743B0E-F4DD-45A2-BC5F-E080E5BDB82C}.Debug|iPhoneSimulator.ActiveCfg = Debug|x86
		{8C743B0E-F4DD-45A2-BC5F-E080E5BDB82C}.Debug|x64.ActiveCfg = Debug|x64
		{8C743B0E-F4DD-45A2-BC5F-E080E5BDB82C}.Debug|x64.Build.0 = Debug|x64
		{8C743B0E-F4DD-45A2-BC5F-E080E5BDB82C}.Debug|x64.Deploy.0 = Debug|x64
		{8C743B0E-F4DD-45A2-BC5F-E080E5BDB82C}.Debug|x86.ActiveCfg = Debug|x86
		{8C743B0E-F4DD-45A2-BC5F-E080E5BDB82C}.Debug|x86.Build.0 = Debug|x86
		{8C743B0E-F4DD-45A2-BC5F-E080E5BDB82C}.Debug|x86.Deploy.0 = Debug|x86
		{8C743B0E-F4DD-45A2-BC5F-E080E5BDB82C}.Release|Any CPU.ActiveCfg = Release|x86
		{8C743B0E-F4DD-45A2-BC5F-E080E5BDB82C}.Release|ARM.ActiveCfg = Release|ARM
		{8C743B0E-F4DD-45A2-BC5F-E080E5BDB82C}.Release|ARM.Build.0 = Release|ARM
		{8C743B0E-F4DD-45A2-BC5F-E080E5BDB82C}.Release|ARM.Deploy.0 = Release|ARM
		{8C743B0E-F4DD-45A2-BC5F-E080E5BDB82C}.Release|iPhone.ActiveCfg = Release|x86
		{8C743B0E-F4DD-45A2-BC5F-E080E5BDB82C}.Release|iPhoneSimulator.ActiveCfg = Release|x86
		{8C743B0E-F4DD-45A2-BC5F-E080E5BDB82C}.Release|x64.ActiveCfg = Release|x64
		{8C743B0E-F4DD-45A2-BC5F-E080E5BDB82C}.Release|x64.Build.0 = Release|x64
		{8C743B0E-F4DD-45A2-BC5F-E080E5BDB82C}.Release|x64.Deploy.0 = Release|x64
		{8C743B0E-F4DD-45A2-BC5F-E080E5BDB82C}.Release|x86.ActiveCfg = Release|x86
		{8C743B0E-F4DD-45A2-BC5F-E080E5BDB82C}.Release|x86.Build.0 = Release|x86
		{8C743B0E-F4DD-45A2-BC5F-E080E5BDB82C}.Release|x86.Deploy.0 = Release|x86
		{266EAB0F-274D-4A46-A26E-DD82ED93A14F}.Debug|Any CPU.ActiveCfg = Debug|Any CPU
		{266EAB0F-274D-4A46-A26E-DD82ED93A14F}.Debug|Any CPU.Build.0 = Debug|Any CPU
		{266EAB0F-274D-4A46-A26E-DD82ED93A14F}.Debug|Any CPU.Deploy.0 = Debug|Any CPU
		{266EAB0F-274D-4A46-A26E-DD82ED93A14F}.Debug|ARM.ActiveCfg = Debug|Any CPU
		{266EAB0F-274D-4A46-A26E-DD82ED93A14F}.Debug|ARM.Build.0 = Debug|Any CPU
		{266EAB0F-274D-4A46-A26E-DD82ED93A14F}.Debug|ARM.Deploy.0 = Debug|Any CPU
		{266EAB0F-274D-4A46-A26E-DD82ED93A14F}.Debug|iPhone.ActiveCfg = Debug|Any CPU
		{266EAB0F-274D-4A46-A26E-DD82ED93A14F}.Debug|iPhone.Build.0 = Debug|Any CPU
		{266EAB0F-274D-4A46-A26E-DD82ED93A14F}.Debug|iPhone.Deploy.0 = Debug|Any CPU
		{266EAB0F-274D-4A46-A26E-DD82ED93A14F}.Debug|iPhoneSimulator.ActiveCfg = Debug|Any CPU
		{266EAB0F-274D-4A46-A26E-DD82ED93A14F}.Debug|iPhoneSimulator.Build.0 = Debug|Any CPU
		{266EAB0F-274D-4A46-A26E-DD82ED93A14F}.Debug|iPhoneSimulator.Deploy.0 = Debug|Any CPU
		{266EAB0F-274D-4A46-A26E-DD82ED93A14F}.Debug|x64.ActiveCfg = Debug|Any CPU
		{266EAB0F-274D-4A46-A26E-DD82ED93A14F}.Debug|x64.Build.0 = Debug|Any CPU
		{266EAB0F-274D-4A46-A26E-DD82ED93A14F}.Debug|x64.Deploy.0 = Debug|Any CPU
		{266EAB0F-274D-4A46-A26E-DD82ED93A14F}.Debug|x86.ActiveCfg = Debug|Any CPU
		{266EAB0F-274D-4A46-A26E-DD82ED93A14F}.Debug|x86.Build.0 = Debug|Any CPU
		{266EAB0F-274D-4A46-A26E-DD82ED93A14F}.Debug|x86.Deploy.0 = Debug|Any CPU
		{266EAB0F-274D-4A46-A26E-DD82ED93A14F}.Release|Any CPU.ActiveCfg = Release|Any CPU
		{266EAB0F-274D-4A46-A26E-DD82ED93A14F}.Release|Any CPU.Build.0 = Release|Any CPU
		{266EAB0F-274D-4A46-A26E-DD82ED93A14F}.Release|Any CPU.Deploy.0 = Release|Any CPU
		{266EAB0F-274D-4A46-A26E-DD82ED93A14F}.Release|ARM.ActiveCfg = Release|Any CPU
		{266EAB0F-274D-4A46-A26E-DD82ED93A14F}.Release|ARM.Build.0 = Release|Any CPU
		{266EAB0F-274D-4A46-A26E-DD82ED93A14F}.Release|ARM.Deploy.0 = Release|Any CPU
		{266EAB0F-274D-4A46-A26E-DD82ED93A14F}.Release|iPhone.ActiveCfg = Release|Any CPU
		{266EAB0F-274D-4A46-A26E-DD82ED93A14F}.Release|iPhone.Build.0 = Release|Any CPU
		{266EAB0F-274D-4A46-A26E-DD82ED93A14F}.Release|iPhone.Deploy.0 = Release|Any CPU
		{266EAB0F-274D-4A46-A26E-DD82ED93A14F}.Release|iPhoneSimulator.ActiveCfg = Release|Any CPU
		{266EAB0F-274D-4A46-A26E-DD82ED93A14F}.Release|iPhoneSimulator.Build.0 = Release|Any CPU
		{266EAB0F-274D-4A46-A26E-DD82ED93A14F}.Release|iPhoneSimulator.Deploy.0 = Release|Any CPU
		{266EAB0F-274D-4A46-A26E-DD82ED93A14F}.Release|x64.ActiveCfg = Release|Any CPU
		{266EAB0F-274D-4A46-A26E-DD82ED93A14F}.Release|x64.Build.0 = Release|Any CPU
		{266EAB0F-274D-4A46-A26E-DD82ED93A14F}.Release|x64.Deploy.0 = Release|Any CPU
		{266EAB0F-274D-4A46-A26E-DD82ED93A14F}.Release|x86.ActiveCfg = Release|Any CPU
		{266EAB0F-274D-4A46-A26E-DD82ED93A14F}.Release|x86.Build.0 = Release|Any CPU
		{266EAB0F-274D-4A46-A26E-DD82ED93A14F}.Release|x86.Deploy.0 = Release|Any CPU
		{18E88725-E0DD-4989-A741-F2E05C154F19}.Debug|Any CPU.ActiveCfg = Debug|Any CPU
		{18E88725-E0DD-4989-A741-F2E05C154F19}.Debug|Any CPU.Build.0 = Debug|Any CPU
		{18E88725-E0DD-4989-A741-F2E05C154F19}.Debug|ARM.ActiveCfg = Debug|Any CPU
		{18E88725-E0DD-4989-A741-F2E05C154F19}.Debug|ARM.Build.0 = Debug|Any CPU
		{18E88725-E0DD-4989-A741-F2E05C154F19}.Debug|iPhone.ActiveCfg = Debug|Any CPU
		{18E88725-E0DD-4989-A741-F2E05C154F19}.Debug|iPhone.Build.0 = Debug|Any CPU
		{18E88725-E0DD-4989-A741-F2E05C154F19}.Debug|iPhoneSimulator.ActiveCfg = Debug|Any CPU
		{18E88725-E0DD-4989-A741-F2E05C154F19}.Debug|iPhoneSimulator.Build.0 = Debug|Any CPU
		{18E88725-E0DD-4989-A741-F2E05C154F19}.Debug|x64.ActiveCfg = Debug|Any CPU
		{18E88725-E0DD-4989-A741-F2E05C154F19}.Debug|x64.Build.0 = Debug|Any CPU
		{18E88725-E0DD-4989-A741-F2E05C154F19}.Debug|x86.ActiveCfg = Debug|Any CPU
		{18E88725-E0DD-4989-A741-F2E05C154F19}.Debug|x86.Build.0 = Debug|Any CPU
		{18E88725-E0DD-4989-A741-F2E05C154F19}.Release|Any CPU.ActiveCfg = Release|Any CPU
		{18E88725-E0DD-4989-A741-F2E05C154F19}.Release|Any CPU.Build.0 = Release|Any CPU
		{18E88725-E0DD-4989-A741-F2E05C154F19}.Release|ARM.ActiveCfg = Release|Any CPU
		{18E88725-E0DD-4989-A741-F2E05C154F19}.Release|ARM.Build.0 = Release|Any CPU
		{18E88725-E0DD-4989-A741-F2E05C154F19}.Release|iPhone.ActiveCfg = Release|Any CPU
		{18E88725-E0DD-4989-A741-F2E05C154F19}.Release|iPhone.Build.0 = Release|Any CPU
		{18E88725-E0DD-4989-A741-F2E05C154F19}.Release|iPhoneSimulator.ActiveCfg = Release|Any CPU
		{18E88725-E0DD-4989-A741-F2E05C154F19}.Release|iPhoneSimulator.Build.0 = Release|Any CPU
		{18E88725-E0DD-4989-A741-F2E05C154F19}.Release|x64.ActiveCfg = Release|Any CPU
		{18E88725-E0DD-4989-A741-F2E05C154F19}.Release|x64.Build.0 = Release|Any CPU
		{18E88725-E0DD-4989-A741-F2E05C154F19}.Release|x86.ActiveCfg = Release|Any CPU
		{18E88725-E0DD-4989-A741-F2E05C154F19}.Release|x86.Build.0 = Release|Any CPU
		{7D587F88-499A-497F-A18C-3ACC37F42D95}.Debug|Any CPU.ActiveCfg = Debug|Any CPU
		{7D587F88-499A-497F-A18C-3ACC37F42D95}.Debug|Any CPU.Build.0 = Debug|Any CPU
		{7D587F88-499A-497F-A18C-3ACC37F42D95}.Debug|ARM.ActiveCfg = Debug|Any CPU
		{7D587F88-499A-497F-A18C-3ACC37F42D95}.Debug|ARM.Build.0 = Debug|Any CPU
		{7D587F88-499A-497F-A18C-3ACC37F42D95}.Debug|iPhone.ActiveCfg = Debug|Any CPU
		{7D587F88-499A-497F-A18C-3ACC37F42D95}.Debug|iPhone.Build.0 = Debug|Any CPU
		{7D587F88-499A-497F-A18C-3ACC37F42D95}.Debug|iPhoneSimulator.ActiveCfg = Debug|Any CPU
		{7D587F88-499A-497F-A18C-3ACC37F42D95}.Debug|iPhoneSimulator.Build.0 = Debug|Any CPU
		{7D587F88-499A-497F-A18C-3ACC37F42D95}.Debug|x64.ActiveCfg = Debug|Any CPU
		{7D587F88-499A-497F-A18C-3ACC37F42D95}.Debug|x64.Build.0 = Debug|Any CPU
		{7D587F88-499A-497F-A18C-3ACC37F42D95}.Debug|x86.ActiveCfg = Debug|Any CPU
		{7D587F88-499A-497F-A18C-3ACC37F42D95}.Debug|x86.Build.0 = Debug|Any CPU
		{7D587F88-499A-497F-A18C-3ACC37F42D95}.Release|Any CPU.ActiveCfg = Release|Any CPU
		{7D587F88-499A-497F-A18C-3ACC37F42D95}.Release|Any CPU.Build.0 = Release|Any CPU
		{7D587F88-499A-497F-A18C-3ACC37F42D95}.Release|ARM.ActiveCfg = Release|Any CPU
		{7D587F88-499A-497F-A18C-3ACC37F42D95}.Release|ARM.Build.0 = Release|Any CPU
		{7D587F88-499A-497F-A18C-3ACC37F42D95}.Release|iPhone.ActiveCfg = Release|Any CPU
		{7D587F88-499A-497F-A18C-3ACC37F42D95}.Release|iPhone.Build.0 = Release|Any CPU
		{7D587F88-499A-497F-A18C-3ACC37F42D95}.Release|iPhoneSimulator.ActiveCfg = Release|Any CPU
		{7D587F88-499A-497F-A18C-3ACC37F42D95}.Release|iPhoneSimulator.Build.0 = Release|Any CPU
		{7D587F88-499A-497F-A18C-3ACC37F42D95}.Release|x64.ActiveCfg = Release|Any CPU
		{7D587F88-499A-497F-A18C-3ACC37F42D95}.Release|x64.Build.0 = Release|Any CPU
		{7D587F88-499A-497F-A18C-3ACC37F42D95}.Release|x86.ActiveCfg = Release|Any CPU
		{7D587F88-499A-497F-A18C-3ACC37F42D95}.Release|x86.Build.0 = Release|Any CPU
	EndGlobalSection
	GlobalSection(SolutionProperties) = preSolution
		HideSolutionNode = FALSE
	EndGlobalSection
	GlobalSection(NestedProjects) = preSolution
		{7D587F88-499A-497F-A18C-3ACC37F42D95} = {31E12CFE-69EE-4555-A1CE-F08C88CB8BD6}
	EndGlobalSection
	GlobalSection(ExtensibilityGlobals) = postSolution
		SolutionGuid = {010D3C78-E953-40AE-8EB9-A77CC0C9562B}
	EndGlobalSection
EndGlobal
